{
  "name": "ubiquitous-computing-museum-experience",
  "version": "2.0.0",
  "lockfileVersion": 3,
  "requires": true,
  "packages": {
    "": {
      "name": "ubiquitous-computing-museum-experience",
      "version": "2.0.0",
      "dependencies": {
        "@mediapipe/tasks-vision": "1.0.1",
        "@splidejs/splide": "4.0.6",
        "chart.js": "4.3.3",
        "gsap": "3.12.2",
        "jquery": "3.7.1",
        "typed.js": "2.0.9"
      },
      "devDependencies": {
        "@axe-core/playwright": "4.13.0",
        "@playwright/test": "1.63.0",
        "prettier": "3.9.9"
      },
      "engines": {
        "node": ">=22"
      }
    },
    "node_modules/@axe-core/playwright": {
      "version": "4.13.0",
      "resolved": "https://registry.npmjs.org/@axe-core/playwright/-/playwright-4.13.0.tgz",
      "integrity": "sha512-6YLx+kxXu5GJceG4ozFg+33a2EMTdjYwWGloJ3sb9Kta5pp+ZNS53uxGVog5JetIY8s++P5UrtX+cri+u0VAVg==",
      "dev": true,
      "license": "MPL-2.0",
      "dependencies": {
        "axe-core": "~4.13.0"
      },
      "peerDependencies": {
        "playwright-core": ">= 1.0.0"
      }
    },
    "node_modules/@kurkle/color": {
      "version": "0.3.4",
      "resolved": "https://registry.npmjs.org/@kurkle/color/-/color-0.3.4.tgz",
      "integrity": "sha512-M5UknZPHRu3DEDWoipU6sE8PdkZ6Z/S+v4dD+Ke8IaNlpdSQah50lz1KtcFBa2vsdOnwbbnxJwVM4wty6udA5w==",
      "license": "MIT"
    },
    "node_modules/@mediapipe/tasks-vision": {
      "version": "1.0.1",
      "resolved": "https://registry.npmjs.org/@mediapipe/tasks-vision/-/tasks-vision-1.0.1.tgz",
      "integrity": "sha512-rvRE2FmAZ6ZxKSw7wq+e+jQDpN3t1B/tD2mJz9SmAzb1msoDkd4dMoE4wAh8Z30Um0PQwLiHr9QtomhmXk3aUQ==",
      "license": "Apache-2.0"
    },
    "node_modules/@playwright/test": {
      "version": "1.63.0",
      "resolved": "https://registry.npmjs.org/@playwright/test/-/test-1.63.0.tgz",
      "integrity": "sha512-oxMK4vllB9RK5NQ2l1pq1IfOf2AvnEuj/vYGDj0H2nMtmtZpKtCwt/l00GEO6xjGfpBNAvjovvYdCm50dRQkpQ==",
      "dev": true,
      "license": "Apache-2.0",
      "dependencies": {
        "playwright": "1.63.0"
      },
      "bin": {
        "playwright": "cli.js"
      },
      "engines": {
        "node": ">=20"
      }
    },
    "node_modules/@splidejs/splide": {
      "version": "4.0.6",
      "resolved": "https://registry.npmjs.org/@splidejs/splide/-/splide-4.0.6.tgz",
      "integrity": "sha512-JHJJX08qAe5N33p6TKBAs5hRkJHmmG+Kh9LPWkOQgcV07yG+YEiY26lXi/xbH6Rb0UUxbs3Y3Iz/1WYjmfGhjA==",
      "license": "MIT"
    },
    "node_modules/axe-core": {
      "version": "4.13.0",
      "resolved": "https://registry.npmjs.org/axe-core/-/axe-core-4.13.0.tgz",
      "integrity": "sha512-UzGt8zg7Ny8djbYMhxl2zuEevVa7r2gJjYY5Lwr1xM7+XU2nd6CkIWFTVcCIbAP63vSz71NaVyyuSk9lHKcy0A==",
      "dev": true,
      "license": "MPL-2.0",
      "engines": {
        "node": ">=4"
      }
    },
    "node_modules/chart.js": {
      "version": "4.3.3",
      "resolved": "https://registry.npmjs.org/chart.js/-/chart.js-4.3.3.tgz",
      "integrity": "sha512-aTk7pBw+x6sQYhon/NR3ikfUJuym/LdgpTlgZRe2PaEhjUMKBKyNaFCMVRAyTEWYFNO7qRu7iQVqOw/OqzxZxQ==",
      "license": "MIT",
      "dependencies": {
        "@kurkle/color": "^0.3.0"
      },
      "engines": {
        "pnpm": ">=7"
      }
    },
    "node_modules/gsap": {
      "version": "3.12.2",
      "resolved": "https://registry.npmjs.org/gsap/-/gsap-3.12.2.tgz",
      "integrity": "sha512-EkYnpG8qHgYBFAwsgsGEqvT1WUidX0tt/ijepx7z8EUJHElykg91RvW1XbkT59T0gZzzszOpjQv7SE41XuIXyQ==",
      "license": "Standard 'no charge' license: https://greensock.com/standard-license. Club GreenSock members get more: https://greensock.com/licensing/. Why GreenSock doesn't employ an MIT license: https://greensock.com/why-license/"
    },
    "node_modules/jquery": {
      "version": "3.7.1",
      "resolved": "https://registry.npmjs.org/jquery/-/jquery-3.7.1.tgz",
      "integrity": "sha512-m4avr8yL8kmFN8psrbFFFmB/If14iN5o9nw/NgnnM+kybDJpRsAynV2BsfpTYrTRysYUdADVD7CkUUizgkpLfg==",
      "license": "MIT"
    },
    "node_modules/playwright": {
      "version": "1.63.0",
      "resolved": "https://registry.npmjs.org/playwright/-/playwright-1.63.0.tgz",
      "integrity": "sha512-+7ziBLidS4NaNCdt57SUDT+wYmmd5fmiQejUic/kb+YsYSCPyOOE9sebzMjNmQrsnNpDJqd4WHvV/8lfKfUDUg==",
      "dev": true,
      "license": "Apache-2.0",
      "dependencies": {
        "playwright-core": "1.63.0"
      },
      "bin": {
        "playwright": "cli.js"
      },
      "engines": {
        "node": ">=20"
      }
    },
    "node_modules/playwright-core": {
      "version": "1.63.0",
      "resolved": "https://registry.npmjs.org/playwright-core/-/playwright-core-1.63.0.tgz",
      "integrity": "sha512-rYCsBF/M5HjUch52bbtVONEFjv6Xu8sm8h72dNlR5bzIE1fvC/bxgspzkjSfU+MweEMmPM8KJebG6nnyxo5mCg==",
      "dev": true,
      "license": "Apache-2.0",
      "bin": {
        "playwright-core": "cli.js"
      },
      "engines": {
        "node": ">=20"
      }
    },
    "node_modules/prettier": {
      "version": "3.9.9",
      "resolved": "https://registry.npmjs.org/prettier/-/prettier-3.9.9.tgz",
      "integrity": "sha512-Z/CJHIkdujO/OtN7nXUii0Rf3VT5SRuhjBA82Xvu2XhBUgX3nhP67T0LHceBdQLex7OOFGTox+Q5Yg8Jk2Qivg==",
      "dev": true,
      "license": "MIT",
      "bin": {
        "prettier": "bin/prettier.cjs"
      },
      "engines": {
        "node": ">=14"
      },
      "funding": {
        "url": "https://github.com/prettier/prettier?sponsor=1"
      }
    },
    "node_modules/typed.js": {
      "version": "2.0.9",
      "resolved": "https://registry.npmjs.org/typed.js/-/typed.js-2.0.9.tgz",
      "integrity": "sha512-RTv7MvbsJ0ajz3PW/o325kXo0+gZAGW9xoZQ9eXrdvTg9prvH5JgAVeAITYuh7OoGStl1yuJgcR07IO10l3Q3g==",
      "license": "MIT"
    }
  }
}
